<?xml version="1.0" encoding="UTF-8" standalone="yes" ?>
<CodeBlocks_project_file>
	<FileVersion major="1" minor="6" />
	<Project>
		<Option title="tls_cert_flash_tool" />
		<Option platforms="Windows;" />
		<Option compiler="gcc" />
		<Build>
			<Target title="Debug_UART Win32">
				<Option platforms="Windows;" />
				<Option output="Debug_UART/tls_cert_flash_tool" prefix_auto="1" extension_auto="1" />
				<Option object_output="Debug_UART/objs" />
				<Option type="1" />
				<Option compiler="gcc" />
				<Option use_console_runner="0" />
				<Compiler>
					<Add option="-Weffc++" />
					<Add option="-Wall" />
					<Add option="-g" />
					<Add option="-DWIN32" />
					<Add option="-D_DEBUG" />
					<Add option="-D_CONSOLE" />
					<Add option="-D_CRT_SECURE_NO_WARNINGS" />
					<Add option="-DCONF_WINC_USE_UART" />
					<Add directory="../crypto_lib/include" />
					<Add directory="../../common/spi_flash_mapping" />
					<Add directory="../../common/root_cert" />
					<Add directory="../../host_drv" />
					<Add directory="../../host_drv/source/spi_flash" />
					<Add directory="../programmer" />
				</Compiler>
				<Linker>
					<Add library="../crypto_lib/lib/crypto.lib" />
					<Add library="C:/Program Files (x86)/Windows Kits/8.1/Lib/winv6.3/um/x86/SetupAPI.Lib" />
					<Add directory="../crypto_lib/lib" />
				</Linker>
			</Target>
			<Target title="Debug_I2C Win32">
				<Option platforms="Windows;" />
				<Option output="Debug_I2C/tls_cert_flash_tool" prefix_auto="1" extension_auto="1" />
				<Option object_output="Debug_I2C/objs" />
				<Option type="1" />
				<Option compiler="gcc" />
				<Option use_console_runner="0" />
				<Compiler>
					<Add option="-Weffc++" />
					<Add option="-Wall" />
					<Add option="-g" />
					<Add option="-DWIN32" />
					<Add option="-D_DEBUG" />
					<Add option="-D_CONSOLE" />
					<Add option="-D_CRT_SECURE_NO_WARNINGS" />
					<Add option="-DCONF_WINC_USE_I2C" />
					<Add directory="../crypto_lib/include" />
					<Add directory="../programmer" />
					<Add directory="../../common/spi_flash_mapping" />
					<Add directory="../../common/root_cert" />
					<Add directory="../../host_drv" />
					<Add directory="../../host_drv/spi_flash" />
				</Compiler>
				<Linker>
					<Add library="C:/Program Files (x86)/Windows Kits/8.1/Lib/winv6.3/um/x86/SetupAPI.Lib" />
					<Add library="../crypto_lib/lib/crypto.lib" />
					<Add directory="../crypto_lib/lib" />
				</Linker>
			</Target>
		</Build>
		<VirtualTargets>
			<Add alias="All" targets="Debug_UART Win32;Debug_I2C Win32;" />
		</VirtualTargets>
		<Linker>
			<Add option="-static -s" />
		</Linker>
		<Unit filename="../../common/root_cert/pem.c">
			<Option compilerVar="CC" />
		</Unit>
		<Unit filename="../../common/root_cert/pem.h" />
		<Unit filename="../../common/root_cert/tls_cert_store_win.c">
			<Option compilerVar="CC" />
		</Unit>
		<Unit filename="../../common/root_cert/tls_srv_sec.c">
			<Option compilerVar="CC" />
		</Unit>
		<Unit filename="../../common/root_cert/tls_srv_sec.h" />
		<Unit filename="../../host_drv/bsp/source/nm_bsp_win32.c">
			<Option compilerVar="CC" />
		</Unit>
		<Unit filename="../../host_drv/bus_wrapper/source/aardvarc/aardvark.c">
			<Option compilerVar="CC" />
		</Unit>
		<Unit filename="../../host_drv/bus_wrapper/source/nm_bus_wrapper_aardvarc.c">
			<Option compilerVar="CC" />
		</Unit>
		<Unit filename="../../host_drv/bus_wrapper/source/nm_bus_wrapper_win_uart.c">
			<Option compilerVar="CC" />
		</Unit>
		<Unit filename="../../host_drv/common/source/nm_common.c">
			<Option compilerVar="CC" />
		</Unit>
		<Unit filename="../../host_drv/driver/source/nmasic.c">
			<Option compilerVar="CC" />
		</Unit>
		<Unit filename="../../host_drv/driver/source/nmbus.c">
			<Option compilerVar="CC" />
		</Unit>
		<Unit filename="../../host_drv/driver/source/nmdrv.c">
			<Option compilerVar="CC" />
		</Unit>
		<Unit filename="../../host_drv/driver/source/nmi2c.c">
			<Option compilerVar="CC" />
		</Unit>
		<Unit filename="../../host_drv/driver/source/nmspi.c">
			<Option compilerVar="CC" />
		</Unit>
		<Unit filename="../../host_drv/driver/source/nmuart.c">
			<Option compilerVar="CC" />
		</Unit>
		<Unit filename="../../host_drv/spi_flash/source/spi_flash.c">
			<Option compilerVar="CC" />
		</Unit>
		<Unit filename="../programmer/programmer.c">
			<Option compilerVar="CC" />
		</Unit>
		<Unit filename="main.c">
			<Option compilerVar="CC" />
		</Unit>
		<Extensions>
			<code_completion />
			<debugger />
			<envvars />
		</Extensions>
	</Project>
</CodeBlocks_project_file>
